
Microsoft Visual Studio Solution File, Format Version 12.00
# Visual Studio Version 17
VisualStudioVersion = 17.11.35222.181
MinimumVisualStudioVersion = 10.0.40219.1
Project("{9A19103F-16F7-4668-BE54-9A1E7A4F7556}") = "ProductsManagementApp", "ProductsManagementApp\ProductsManagementApp.csproj", "{6E97C1C0-2609-42EA-AF79-CBFF02852C4F}"
EndProject
Project("{FAE04EC0-301F-11D3-BF4B-00C04F79EFBC}") = "ProductManagementAppTest", "ProductManagementAppTest\ProductManagementAppTest.csproj", "{3E392E61-F9B0-43D2-95B1-DD2A505C265B}"
EndProject
Global
	GlobalSection(SolutionConfigurationPlatforms) = preSolution
		Debug|Any CPU = Debug|Any CPU
		Release|Any CPU = Release|Any CPU
	EndGlobalSection
	GlobalSection(ProjectConfigurationPlatforms) = postSolution
		{6E97C1C0-2609-42EA-AF79-CBFF02852C4F}.Debug|Any CPU.ActiveCfg = Debug|Any CPU
		{6E97C1C0-2609-42EA-AF79-CBFF02852C4F}.Debug|Any CPU.Build.0 = Debug|Any CPU
		{6E97C1C0-2609-42EA-AF79-CBFF02852C4F}.Release|Any CPU.ActiveCfg = Release|Any CPU
		{6E97C1C0-2609-42EA-AF79-CBFF02852C4F}.Release|Any CPU.Build.0 = Release|Any CPU
		{3E392E61-F9B0-43D2-95B1-DD2A505C265B}.Debug|Any CPU.ActiveCfg = Debug|Any CPU
		{3E392E61-F9B0-43D2-95B1-DD2A505C265B}.Debug|Any CPU.Build.0 = Debug|Any CPU
		{3E392E61-F9B0-43D2-95B1-DD2A505C265B}.Release|Any CPU.ActiveCfg = Release|Any CPU
		{3E392E61-F9B0-43D2-95B1-DD2A505C265B}.Release|Any CPU.Build.0 = Release|Any CPU
	EndGlobalSection
	GlobalSection(SolutionProperties) = preSolution
		HideSolutionNode = FALSE
	EndGlobalSection
	GlobalSection(ExtensibilityGlobals) = postSolution
		SolutionGuid = {F53AF012-BA3A-421E-A039-8C77537B9AAB}
	EndGlobalSection
EndGlobal
